
Microsoft Visual Studio Solution File, Format Version 10.00
# Visual Studio 2008
Project("{FAE04EC0-301F-11D3-BF4B-00C04F79EFBC}") = "CryptographyExample", "CryptographyExample\CryptographyExample.csproj", "{B78A2DC5-6D61-4A3A-80F5-2742F9363AFE}"
EndProject
Global
	GlobalSection(SolutionConfigurationPlatforms) = preSolution
		Debug|Any CPU = Debug|Any CPU
		Release|Any CPU = Release|Any CPU
	EndGlobalSection
	GlobalSection(ProjectConfigurationPlatforms) = postSolution
		{B78A2DC5-6D61-4A3A-80F5-2742F9363AFE}.Debug|Any CPU.ActiveCfg = Debug|Any CPU
		{B78A2DC5-6D61-4A3A-80F5-2742F9363AFE}.Debug|Any CPU.Build.0 = Debug|Any CPU
		{B78A2DC5-6D61-4A3A-80F5-2742F9363AFE}.Release|Any CPU.ActiveCfg = Release|Any CPU
		{B78A2DC5-6D61-4A3A-80F5-2742F9363AFE}.Release|Any CPU.Build.0 = Release|Any CPU
	EndGlobalSection
	GlobalSection(SolutionProperties) = preSolution
		HideSolutionNode = FALSE
	EndGlobalSection
EndGlobal
